
Microsoft Visual Studio Solution File, Format Version 12.00
# Visual Studio Version 16
VisualStudioVersion = 16.0.32413.511
MinimumVisualStudioVersion = 10.0.40219.1
Project("{FAE04EC0-301F-11D3-BF4B-00C04F79EFBC}") = "Insert Delete GetRandom O(1) - Duplicates allowed", "Insert Delete GetRandom O(1) - Duplicates allowed\Insert Delete GetRandom O(1) - Duplicates allowed.csproj", "{07084344-E1EC-488A-8A59-5C3D277B3FF5}"
EndProject
Global
	GlobalSection(SolutionConfigurationPlatforms) = preSolution
		Debug|Any CPU = Debug|Any CPU
		Release|Any CPU = Release|Any CPU
	EndGlobalSection
	GlobalSection(ProjectConfigurationPlatforms) = postSolution
		{07084344-E1EC-488A-8A59-5C3D277B3FF5}.Debug|Any CPU.ActiveCfg = Debug|Any CPU
		{07084344-E1EC-488A-8A59-5C3D277B3FF5}.Debug|Any CPU.Build.0 = Debug|Any CPU
		{07084344-E1EC-488A-8A59-5C3D277B3FF5}.Release|Any CPU.ActiveCfg = Release|Any CPU
		{07084344-E1EC-488A-8A59-5C3D277B3FF5}.Release|Any CPU.Build.0 = Release|Any CPU
	EndGlobalSection
	GlobalSection(SolutionProperties) = preSolution
		HideSolutionNode = FALSE
	EndGlobalSection
	GlobalSection(ExtensibilityGlobals) = postSolution
		SolutionGuid = {C510D08A-7BE5-498A-B510-A736483CE633}
	EndGlobalSection
EndGlobal
